
Microsoft Visual Studio Solution File, Format Version 12.00
# Visual Studio Version 17
VisualStudioVersion = 17.1.32210.238
MinimumVisualStudioVersion = 10.0.40219.1
Project("{FAE04EC0-301F-11D3-BF4B-00C04F79EFBC}") = "WebAutomation", "WebAutomation\WebAutomation.csproj", "{7176277D-A033-48A6-AF47-38765EF8C995}"
EndProject
Global
	GlobalSection(SolutionConfigurationPlatforms) = preSolution
		Debug|Any CPU = Debug|Any CPU
		Release|Any CPU = Release|Any CPU
	EndGlobalSection
	GlobalSection(ProjectConfigurationPlatforms) = postSolution
		{7176277D-A033-48A6-AF47-38765EF8C995}.Debug|Any CPU.ActiveCfg = Debug|Any CPU
		{7176277D-A033-48A6-AF47-38765EF8C995}.Debug|Any CPU.Build.0 = Debug|Any CPU
		{7176277D-A033-48A6-AF47-38765EF8C995}.Release|Any CPU.ActiveCfg = Release|Any CPU
		{7176277D-A033-48A6-AF47-38765EF8C995}.Release|Any CPU.Build.0 = Release|Any CPU
	EndGlobalSection
	GlobalSection(SolutionProperties) = preSolution
		HideSolutionNode = FALSE
	EndGlobalSection
	GlobalSection(ExtensibilityGlobals) = postSolution
		SolutionGuid = {A8D5A7D3-3F06-44D4-9E3B-3CA74817A116}
	EndGlobalSection
EndGlobal
